
Microsoft Visual Studio Solution File, Format Version 12.00
# Visual Studio Version 16
VisualStudioVersion = 16.0.31613.86
MinimumVisualStudioVersion = 10.0.40219.1
Project("{FAE04EC0-301F-11D3-BF4B-00C04F79EFBC}") = "EnergyCounterCSharp", "EnergyCounterCSharp.csproj", "{BA446BDD-52C6-48AF-A1FD-934978534AAD}"
EndProject
Global
	GlobalSection(SolutionConfigurationPlatforms) = preSolution
		Debug|Any CPU = Debug|Any CPU
		Release|Any CPU = Release|Any CPU
	EndGlobalSection
	GlobalSection(ProjectConfigurationPlatforms) = postSolution
		{BA446BDD-52C6-48AF-A1FD-934978534AAD}.Debug|Any CPU.ActiveCfg = Debug|Any CPU
		{BA446BDD-52C6-48AF-A1FD-934978534AAD}.Debug|Any CPU.Build.0 = Debug|Any CPU
		{BA446BDD-52C6-48AF-A1FD-934978534AAD}.Release|Any CPU.ActiveCfg = Release|Any CPU
		{BA446BDD-52C6-48AF-A1FD-934978534AAD}.Release|Any CPU.Build.0 = Release|Any CPU
	EndGlobalSection
	GlobalSection(SolutionProperties) = preSolution
		HideSolutionNode = FALSE
	EndGlobalSection
	GlobalSection(ExtensibilityGlobals) = postSolution
		SolutionGuid = {E310575E-DD64-471D-88F2-FC969E525C20}
	EndGlobalSection
EndGlobal
